
Microsoft Visual Studio Solution File, Format Version 12.00
# Visual Studio Version 17
VisualStudioVersion = 17.11.35219.272
MinimumVisualStudioVersion = 10.0.40219.1
Project("{FAE04EC0-301F-11D3-BF4B-00C04F79EFBC}") = "Bank", "Bank\Bank.csproj", "{5C66231A-71A1-46BF-B210-4635DCCEE990}"
EndProject
Project("{FAE04EC0-301F-11D3-BF4B-00C04F79EFBC}") = "BankTests", "BankTests\BankTests.csproj", "{DBA7D222-5E2F-4F4A-B3C2-10624AF70D10}"
EndProject
Global
	GlobalSection(SolutionConfigurationPlatforms) = preSolution
		Debug|Any CPU = Debug|Any CPU
		Release|Any CPU = Release|Any CPU
	EndGlobalSection
	GlobalSection(ProjectConfigurationPlatforms) = postSolution
		{5C66231A-71A1-46BF-B210-4635DCCEE990}.Debug|Any CPU.ActiveCfg = Debug|Any CPU
		{5C66231A-71A1-46BF-B210-4635DCCEE990}.Debug|Any CPU.Build.0 = Debug|Any CPU
		{5C66231A-71A1-46BF-B210-4635DCCEE990}.Release|Any CPU.ActiveCfg = Release|Any CPU
		{5C66231A-71A1-46BF-B210-4635DCCEE990}.Release|Any CPU.Build.0 = Release|Any CPU
		{DBA7D222-5E2F-4F4A-B3C2-10624AF70D10}.Debug|Any CPU.ActiveCfg = Debug|Any CPU
		{DBA7D222-5E2F-4F4A-B3C2-10624AF70D10}.Debug|Any CPU.Build.0 = Debug|Any CPU
		{DBA7D222-5E2F-4F4A-B3C2-10624AF70D10}.Release|Any CPU.ActiveCfg = Release|Any CPU
		{DBA7D222-5E2F-4F4A-B3C2-10624AF70D10}.Release|Any CPU.Build.0 = Release|Any CPU
	EndGlobalSection
	GlobalSection(SolutionProperties) = preSolution
		HideSolutionNode = FALSE
	EndGlobalSection
	GlobalSection(ExtensibilityGlobals) = postSolution
		SolutionGuid = {069F33AE-82F1-409E-8380-D0025E5FAFF4}
	EndGlobalSection
EndGlobal
